
Microsoft Visual Studio Solution File, Format Version 12.00
# Visual Studio Version 17
VisualStudioVersion = 17.7.34024.191
MinimumVisualStudioVersion = 10.0.40219.1
Project("{FAE04EC0-301F-11D3-BF4B-00C04F79EFBC}") = "Bookstore", "Bookstore\Bookstore.csproj", "{AF9162B3-BDED-489F-8F41-C2E7F85DB212}"
EndProject
Global
	GlobalSection(SolutionConfigurationPlatforms) = preSolution
		Debug|Any CPU = Debug|Any CPU
		Release|Any CPU = Release|Any CPU
	EndGlobalSection
	GlobalSection(ProjectConfigurationPlatforms) = postSolution
		{AF9162B3-BDED-489F-8F41-C2E7F85DB212}.Debug|Any CPU.ActiveCfg = Debug|Any CPU
		{AF9162B3-BDED-489F-8F41-C2E7F85DB212}.Debug|Any CPU.Build.0 = Debug|Any CPU
		{AF9162B3-BDED-489F-8F41-C2E7F85DB212}.Release|Any CPU.ActiveCfg = Release|Any CPU
		{AF9162B3-BDED-489F-8F41-C2E7F85DB212}.Release|Any CPU.Build.0 = Release|Any CPU
	EndGlobalSection
	GlobalSection(SolutionProperties) = preSolution
		HideSolutionNode = FALSE
	EndGlobalSection
	GlobalSection(ExtensibilityGlobals) = postSolution
		SolutionGuid = {664F58ED-9541-48C0-AC20-AD5D725BCD1F}
	EndGlobalSection
EndGlobal
